
Microsoft Visual Studio Solution File, Format Version 12.00
# Visual Studio 2013
VisualStudioVersion = 12.0.31101.0
MinimumVisualStudioVersion = 10.0.40219.1
Project("{FAE04EC0-301F-11D3-BF4B-00C04F79EFBC}") = "MVCBusinessBooking.UI", "MVCBusinessBooking\MVCBusinessBooking.UI.csproj", "{B1C2C9BE-3123-4E83-A881-2640014A642A}"
EndProject
Project("{FAE04EC0-301F-11D3-BF4B-00C04F79EFBC}") = "MVCBusinessBooking.Domain", "MVCBusinessBooking.Domain\MVCBusinessBooking.Domain.csproj", "{2C548AC6-9FA0-4695-A172-DC49374929AB}"
EndProject
Project("{2150E333-8FDC-42A3-9474-1A3956D46DE8}") = "Solution Items", "Solution Items", "{5E2D9FB1-9E60-4891-A2A4-1CA44987BECE}"
	ProjectSection(SolutionItems) = preProject
		WebEssentials-Settings.json = WebEssentials-Settings.json
	EndProjectSection
EndProject
Global
	GlobalSection(SolutionConfigurationPlatforms) = preSolution
		Debug|Any CPU = Debug|Any CPU
		Release|Any CPU = Release|Any CPU
	EndGlobalSection
	GlobalSection(ProjectConfigurationPlatforms) = postSolution
		{B1C2C9BE-3123-4E83-A881-2640014A642A}.Debug|Any CPU.ActiveCfg = Debug|Any CPU
		{B1C2C9BE-3123-4E83-A881-2640014A642A}.Debug|Any CPU.Build.0 = Debug|Any CPU
		{B1C2C9BE-3123-4E83-A881-2640014A642A}.Release|Any CPU.ActiveCfg = Release|Any CPU
		{B1C2C9BE-3123-4E83-A881-2640014A642A}.Release|Any CPU.Build.0 = Release|Any CPU
		{2C548AC6-9FA0-4695-A172-DC49374929AB}.Debug|Any CPU.ActiveCfg = Debug|Any CPU
		{2C548AC6-9FA0-4695-A172-DC49374929AB}.Debug|Any CPU.Build.0 = Debug|Any CPU
		{2C548AC6-9FA0-4695-A172-DC49374929AB}.Release|Any CPU.ActiveCfg = Release|Any CPU
		{2C548AC6-9FA0-4695-A172-DC49374929AB}.Release|Any CPU.Build.0 = Release|Any CPU
	EndGlobalSection
	GlobalSection(SolutionProperties) = preSolution
		HideSolutionNode = FALSE
	EndGlobalSection
EndGlobal
